
Microsoft Visual Studio Solution File, Format Version 12.00
# Visual Studio Version 17
VisualStudioVersion = 17.14.36429.23
MinimumVisualStudioVersion = 10.0.40219.1
Project("{FAE04EC0-301F-11D3-BF4B-00C04F79EFBC}") = "Tyuiu.RochevYA.Sprint5.Task0.V10", "Tyuiu.RochevYA.Sprint5.Task0.V10\Tyuiu.RochevYA.Sprint5.Task0.V10.csproj", "{2C4017AC-AA10-449D-A9D6-5AF7A04C0C8F}"
EndProject
Project("{FAE04EC0-301F-11D3-BF4B-00C04F79EFBC}") = "Tyuiu.RochevYA.Sprint5.Task0.V10.Lib", "Tyuiu.RochevYA.Sprint5.Task0.V10.Lib\Tyuiu.RochevYA.Sprint5.Task0.V10.Lib.csproj", "{3D7631D0-DA21-4742-A8E1-585321BAAFA2}"
EndProject
Project("{FAE04EC0-301F-11D3-BF4B-00C04F79EFBC}") = "Tyuiu.RochevYA.Sprint5.Task0.V10.Test", "Tyuiu.RochevYA.Sprint5.Task0.V10.Test\Tyuiu.RochevYA.Sprint5.Task0.V10.Test.csproj", "{BECEA3F0-6B14-46F3-B646-AF33411F95F6}"
EndProject
Project("{FAE04EC0-301F-11D3-BF4B-00C04F79EFBC}") = "Tyuiu.RochevYA.Sprint5.Task1.V5", "Tyuiu.RochevYA.Sprint5.Task1.V5\Tyuiu.RochevYA.Sprint5.Task1.V5.csproj", "{6B789ACD-6AD4-4278-A6AE-78FDE2D40DA8}"
EndProject
Project("{FAE04EC0-301F-11D3-BF4B-00C04F79EFBC}") = "Tyuiu.RochevYA.Sprint5.Task1.V5.Lib", "Tyuiu.RochevYA.Sprint5.Task1.V5.Lib\Tyuiu.RochevYA.Sprint5.Task1.V5.Lib.csproj", "{F89574FA-04EC-4FA4-A0E4-59735CE8ADEA}"
EndProject
Project("{FAE04EC0-301F-11D3-BF4B-00C04F79EFBC}") = "Tyuiu.RochevYA.Sprint5.Task1.V5.Test", "Tyuiu.RochevYA.Sprint5.Task1.V5.Test\Tyuiu.RochevYA.Sprint5.Task1.V5.Test.csproj", "{D8CB5E6E-2090-4FDD-ACE2-4F94F5BDE867}"
EndProject
Project("{FAE04EC0-301F-11D3-BF4B-00C04F79EFBC}") = "Tyuiu.RochevYA.Sprint5.Task2.V5", "Tyuiu.RochevYA.Sprint5.Task2.V5\Tyuiu.RochevYA.Sprint5.Task2.V5.csproj", "{F7FC36A8-516F-4FD3-A6A1-3A5368FBF9C9}"
EndProject
Project("{FAE04EC0-301F-11D3-BF4B-00C04F79EFBC}") = "Tyuiu.RochevYA.Sprint5.Task2.V5.Lib", "Tyuiu.RochevYA.Sprint5.Task2.V5.Lib\Tyuiu.RochevYA.Sprint5.Task2.V5.Lib.csproj", "{7DB0C91F-DAF5-4AF7-94E5-9742306E6F15}"
EndProject
Project("{FAE04EC0-301F-11D3-BF4B-00C04F79EFBC}") = "Tyuiu.RochevYA.Sprint5.Task2.V5.Test", "Tyuiu.RochevYA.Sprint5.Task2.V5.Test\Tyuiu.RochevYA.Sprint5.Task2.V5.Test.csproj", "{669D3E6B-CD7C-488C-846D-03F35ECAE2EB}"
EndProject
Project("{FAE04EC0-301F-11D3-BF4B-00C04F79EFBC}") = "Tyuiu.RochevYA.Sprint5.Task3.V12", "Tyuiu.RochevYA.Sprint5.Task3.V12\Tyuiu.RochevYA.Sprint5.Task3.V12.csproj", "{E99B0B31-5109-4179-8680-B2CAC71B308C}"
EndProject
Project("{FAE04EC0-301F-11D3-BF4B-00C04F79EFBC}") = "Tyuiu.RochevYA.Sprint5.Task3.V12.Lib", "Tyuiu.RochevYA.Sprint5.Task3.V12.Lib\Tyuiu.RochevYA.Sprint5.Task3.V12.Lib.csproj", "{21C28CA3-FEF8-4166-A041-91BA7563C076}"
EndProject
Project("{FAE04EC0-301F-11D3-BF4B-00C04F79EFBC}") = "Tyuiu.RochevYA.Sprint5.Task3.V12.Test", "Tyuiu.RochevYA.Sprint5.Task3.V12.Test\Tyuiu.RochevYA.Sprint5.Task3.V12.Test.csproj", "{7A34DF21-9EC6-4E50-B64B-512892A67607}"
EndProject
Project("{FAE04EC0-301F-11D3-BF4B-00C04F79EFBC}") = "Tyuiu.RochevYA.Sprint5.Task4.V8", "Tyuiu.RochevYA.Sprint5.Task4.V8\Tyuiu.RochevYA.Sprint5.Task4.V8.csproj", "{6B9476F8-32FF-44D8-9F32-9381DC6A14F2}"
EndProject
Project("{FAE04EC0-301F-11D3-BF4B-00C04F79EFBC}") = "Tyuiu.RochevYA.Sprint5.Task4.V8.Lib", "Tyuiu.RochevYA.Sprint5.Task4.V8.Lib\Tyuiu.RochevYA.Sprint5.Task4.V8.Lib.csproj", "{90E76055-EDEC-4AC6-B387-CA2DE1949295}"
EndProject
Project("{FAE04EC0-301F-11D3-BF4B-00C04F79EFBC}") = "Tyuiu.RochevYA.Sprint5.Task4.V8.Test", "Tyuiu.RochevYA.Sprint5.Task4.V8.Test\Tyuiu.RochevYA.Sprint5.Task4.V8.Test.csproj", "{9B292C34-8795-41F1-A4C8-233F15AF6D1A}"
EndProject
Project("{FAE04EC0-301F-11D3-BF4B-00C04F79EFBC}") = "Tyuiu.RochevYA.Sprint5.Task5.V8", "Tyuiu.RochevYA.Sprint5.Task5.V8\Tyuiu.RochevYA.Sprint5.Task5.V8.csproj", "{492A8C4E-429D-45F6-8066-F7940B7D727A}"
EndProject
Project("{FAE04EC0-301F-11D3-BF4B-00C04F79EFBC}") = "Tyuiu.RochevYA.Sprint5.Task5.V8.Lib", "Tyuiu.RochevYA.Sprint5.Task5.V8.Lib\Tyuiu.RochevYA.Sprint5.Task5.V8.Lib.csproj", "{1DF7E5C7-77DD-49E6-93E5-DBDF1A81EE66}"
EndProject
Project("{FAE04EC0-301F-11D3-BF4B-00C04F79EFBC}") = "Tyuiu.RochevYA.Sprint5.Task5.V8.Test", "Tyuiu.RochevYA.Sprint5.Task5.V8.Test\Tyuiu.RochevYA.Sprint5.Task5.V8.Test.csproj", "{5A630307-0F57-4DC3-AB87-FCE1260CD3D8}"
EndProject
Project("{FAE04EC0-301F-11D3-BF4B-00C04F79EFBC}") = "Tyuiu.RochevYA.Sprint5.Task6.V30", "Tyuiu.RochevYA.Sprint5.Task6.V30\Tyuiu.RochevYA.Sprint5.Task6.V30.csproj", "{05F0A21B-BD9B-4CAE-B6CE-32E6223220B7}"
EndProject
Project("{FAE04EC0-301F-11D3-BF4B-00C04F79EFBC}") = "Tyuiu.RochevYA.Sprint5.Task6.V30.Lib", "Tyuiu.RochevYA.Sprint5.Task6.V30.Lib\Tyuiu.RochevYA.Sprint5.Task6.V30.Lib.csproj", "{B7AD3567-98BE-419C-8807-346ABBB13431}"
EndProject
Project("{FAE04EC0-301F-11D3-BF4B-00C04F79EFBC}") = "Tyuiu.RochevYA.Sprint5.Task6.V30.Test", "Tyuiu.RochevYA.Sprint5.Task6.V30.Test\Tyuiu.RochevYA.Sprint5.Task6.V30.Test.csproj", "{B80E4609-53E2-4F05-81E6-85F3CDE6FBF5}"
EndProject
Global
	GlobalSection(SolutionConfigurationPlatforms) = preSolution
		Debug|Any CPU = Debug|Any CPU
		Release|Any CPU = Release|Any CPU
	EndGlobalSection
	GlobalSection(ProjectConfigurationPlatforms) = postSolution
		{2C4017AC-AA10-449D-A9D6-5AF7A04C0C8F}.Debug|Any CPU.ActiveCfg = Debug|Any CPU
		{2C4017AC-AA10-449D-A9D6-5AF7A04C0C8F}.Debug|Any CPU.Build.0 = Debug|Any CPU
		{2C4017AC-AA10-449D-A9D6-5AF7A04C0C8F}.Release|Any CPU.ActiveCfg = Release|Any CPU
		{2C4017AC-AA10-449D-A9D6-5AF7A04C0C8F}.Release|Any CPU.Build.0 = Release|Any CPU
		{3D7631D0-DA21-4742-A8E1-585321BAAFA2}.Debug|Any CPU.ActiveCfg = Debug|Any CPU
		{3D7631D0-DA21-4742-A8E1-585321BAAFA2}.Debug|Any CPU.Build.0 = Debug|Any CPU
		{3D7631D0-DA21-4742-A8E1-585321BAAFA2}.Release|Any CPU.ActiveCfg = Release|Any CPU
		{3D7631D0-DA21-4742-A8E1-585321BAAFA2}.Release|Any CPU.Build.0 = Release|Any CPU
		{BECEA3F0-6B14-46F3-B646-AF33411F95F6}.Debug|Any CPU.ActiveCfg = Debug|Any CPU
		{BECEA3F0-6B14-46F3-B646-AF33411F95F6}.Debug|Any CPU.Build.0 = Debug|Any CPU
		{BECEA3F0-6B14-46F3-B646-AF33411F95F6}.Release|Any CPU.ActiveCfg = Release|Any CPU
		{BECEA3F0-6B14-46F3-B646-AF33411F95F6}.Release|Any CPU.Build.0 = Release|Any CPU
		{6B789ACD-6AD4-4278-A6AE-78FDE2D40DA8}.Debug|Any CPU.ActiveCfg = Debug|Any CPU
		{6B789ACD-6AD4-4278-A6AE-78FDE2D40DA8}.Debug|Any CPU.Build.0 = Debug|Any CPU
		{6B789ACD-6AD4-4278-A6AE-78FDE2D40DA8}.Release|Any CPU.ActiveCfg = Release|Any CPU
		{6B789ACD-6AD4-4278-A6AE-78FDE2D40DA8}.Release|Any CPU.Build.0 = Release|Any CPU
		{F89574FA-04EC-4FA4-A0E4-59735CE8ADEA}.Debug|Any CPU.ActiveCfg = Debug|Any CPU
		{F89574FA-04EC-4FA4-A0E4-59735CE8ADEA}.Debug|Any CPU.Build.0 = Debug|Any CPU
		{F89574FA-04EC-4FA4-A0E4-59735CE8ADEA}.Release|Any CPU.ActiveCfg = Release|Any CPU
		{F89574FA-04EC-4FA4-A0E4-59735CE8ADEA}.Release|Any CPU.Build.0 = Release|Any CPU
		{D8CB5E6E-2090-4FDD-ACE2-4F94F5BDE867}.Debug|Any CPU.ActiveCfg = Debug|Any CPU
		{D8CB5E6E-2090-4FDD-ACE2-4F94F5BDE867}.Debug|Any CPU.Build.0 = Debug|Any CPU
		{D8CB5E6E-2090-4FDD-ACE2-4F94F5BDE867}.Release|Any CPU.ActiveCfg = Release|Any CPU
		{D8CB5E6E-2090-4FDD-ACE2-4F94F5BDE867}.Release|Any CPU.Build.0 = Release|Any CPU
		{F7FC36A8-516F-4FD3-A6A1-3A5368FBF9C9}.Debug|Any CPU.ActiveCfg = Debug|Any CPU
		{F7FC36A8-516F-4FD3-A6A1-3A5368FBF9C9}.Debug|Any CPU.Build.0 = Debug|Any CPU
		{F7FC36A8-516F-4FD3-A6A1-3A5368FBF9C9}.Release|Any CPU.ActiveCfg = Release|Any CPU
		{F7FC36A8-516F-4FD3-A6A1-3A5368FBF9C9}.Release|Any CPU.Build.0 = Release|Any CPU
		{7DB0C91F-DAF5-4AF7-94E5-9742306E6F15}.Debug|Any CPU.ActiveCfg = Debug|Any CPU
		{7DB0C91F-DAF5-4AF7-94E5-9742306E6F15}.Debug|Any CPU.Build.0 = Debug|Any CPU
		{7DB0C91F-DAF5-4AF7-94E5-9742306E6F15}.Release|Any CPU.ActiveCfg = Release|Any CPU
		{7DB0C91F-DAF5-4AF7-94E5-9742306E6F15}.Release|Any CPU.Build.0 = Release|Any CPU
		{669D3E6B-CD7C-488C-846D-03F35ECAE2EB}.Debug|Any CPU.ActiveCfg = Debug|Any CPU
		{669D3E6B-CD7C-488C-846D-03F35ECAE2EB}.Debug|Any CPU.Build.0 = Debug|Any CPU
		{669D3E6B-CD7C-488C-846D-03F35ECAE2EB}.Release|Any CPU.ActiveCfg = Release|Any CPU
		{669D3E6B-CD7C-488C-846D-03F35ECAE2EB}.Release|Any CPU.Build.0 = Release|Any CPU
		{E99B0B31-5109-4179-8680-B2CAC71B308C}.Debug|Any CPU.ActiveCfg = Debug|Any CPU
		{E99B0B31-5109-4179-8680-B2CAC71B308C}.Debug|Any CPU.Build.0 = Debug|Any CPU
		{E99B0B31-5109-4179-8680-B2CAC71B308C}.Release|Any CPU.ActiveCfg = Release|Any CPU
		{E99B0B31-5109-4179-8680-B2CAC71B308C}.Release|Any CPU.Build.0 = Release|Any CPU
		{21C28CA3-FEF8-4166-A041-91BA7563C076}.Debug|Any CPU.ActiveCfg = Debug|Any CPU
		{21C28CA3-FEF8-4166-A041-91BA7563C076}.Debug|Any CPU.Build.0 = Debug|Any CPU
		{21C28CA3-FEF8-4166-A041-91BA7563C076}.Release|Any CPU.ActiveCfg = Release|Any CPU
		{21C28CA3-FEF8-4166-A041-91BA7563C076}.Release|Any CPU.Build.0 = Release|Any CPU
		{7A34DF21-9EC6-4E50-B64B-512892A67607}.Debug|Any CPU.ActiveCfg = Debug|Any CPU
		{7A34DF21-9EC6-4E50-B64B-512892A67607}.Debug|Any CPU.Build.0 = Debug|Any CPU
		{7A34DF21-9EC6-4E50-B64B-512892A67607}.Release|Any CPU.ActiveCfg = Release|Any CPU
		{7A34DF21-9EC6-4E50-B64B-512892A67607}.Release|Any CPU.Build.0 = Release|Any CPU
		{6B9476F8-32FF-44D8-9F32-9381DC6A14F2}.Debug|Any CPU.ActiveCfg = Debug|Any CPU
		{6B9476F8-32FF-44D8-9F32-9381DC6A14F2}.Debug|Any CPU.Build.0 = Debug|Any CPU
		{6B9476F8-32FF-44D8-9F32-9381DC6A14F2}.Release|Any CPU.ActiveCfg = Release|Any CPU
		{6B9476F8-32FF-44D8-9F32-9381DC6A14F2}.Release|Any CPU.Build.0 = Release|Any CPU
		{90E76055-EDEC-4AC6-B387-CA2DE1949295}.Debug|Any CPU.ActiveCfg = Debug|Any CPU
		{90E76055-EDEC-4AC6-B387-CA2DE1949295}.Debug|Any CPU.Build.0 = Debug|Any CPU
		{90E76055-EDEC-4AC6-B387-CA2DE1949295}.Release|Any CPU.ActiveCfg = Release|Any CPU
		{90E76055-EDEC-4AC6-B387-CA2DE1949295}.Release|Any CPU.Build.0 = Release|Any CPU
		{9B292C34-8795-41F1-A4C8-233F15AF6D1A}.Debug|Any CPU.ActiveCfg = Debug|Any CPU
		{9B292C34-8795-41F1-A4C8-233F15AF6D1A}.Debug|Any CPU.Build.0 = Debug|Any CPU
		{9B292C34-8795-41F1-A4C8-233F15AF6D1A}.Release|Any CPU.ActiveCfg = Release|Any CPU
		{9B292C34-8795-41F1-A4C8-233F15AF6D1A}.Release|Any CPU.Build.0 = Release|Any CPU
		{492A8C4E-429D-45F6-8066-F7940B7D727A}.Debug|Any CPU.ActiveCfg = Debug|Any CPU
		{492A8C4E-429D-45F6-8066-F7940B7D727A}.Debug|Any CPU.Build.0 = Debug|Any CPU
		{492A8C4E-429D-45F6-8066-F7940B7D727A}.Release|Any CPU.ActiveCfg = Release|Any CPU
		{492A8C4E-429D-45F6-8066-F7940B7D727A}.Release|Any CPU.Build.0 = Release|Any CPU
		{1DF7E5C7-77DD-49E6-93E5-DBDF1A81EE66}.Debug|Any CPU.ActiveCfg = Debug|Any CPU
		{1DF7E5C7-77DD-49E6-93E5-DBDF1A81EE66}.Debug|Any CPU.Build.0 = Debug|Any CPU
		{1DF7E5C7-77DD-49E6-93E5-DBDF1A81EE66}.Release|Any CPU.ActiveCfg = Release|Any CPU
		{1DF7E5C7-77DD-49E6-93E5-DBDF1A81EE66}.Release|Any CPU.Build.0 = Release|Any CPU
		{5A630307-0F57-4DC3-AB87-FCE1260CD3D8}.Debug|Any CPU.ActiveCfg = Debug|Any CPU
		{5A630307-0F57-4DC3-AB87-FCE1260CD3D8}.Debug|Any CPU.Build.0 = Debug|Any CPU
		{5A630307-0F57-4DC3-AB87-FCE1260CD3D8}.Release|Any CPU.ActiveCfg = Release|Any CPU
		{5A630307-0F57-4DC3-AB87-FCE1260CD3D8}.Release|Any CPU.Build.0 = Release|Any CPU
		{05F0A21B-BD9B-4CAE-B6CE-32E6223220B7}.Debug|Any CPU.ActiveCfg = Debug|Any CPU
		{05F0A21B-BD9B-4CAE-B6CE-32E6223220B7}.Debug|Any CPU.Build.0 = Debug|Any CPU
		{05F0A21B-BD9B-4CAE-B6CE-32E6223220B7}.Release|Any CPU.ActiveCfg = Release|Any CPU
		{05F0A21B-BD9B-4CAE-B6CE-32E6223220B7}.Release|Any CPU.Build.0 = Release|Any CPU
		{B7AD3567-98BE-419C-8807-346ABBB13431}.Debug|Any CPU.ActiveCfg = Debug|Any CPU
		{B7AD3567-98BE-419C-8807-346ABBB13431}.Debug|Any CPU.Build.0 = Debug|Any CPU
		{B7AD3567-98BE-419C-8807-346ABBB13431}.Release|Any CPU.ActiveCfg = Release|Any CPU
		{B7AD3567-98BE-419C-8807-346ABBB13431}.Release|Any CPU.Build.0 = Release|Any CPU
		{B80E4609-53E2-4F05-81E6-85F3CDE6FBF5}.Debug|Any CPU.ActiveCfg = Debug|Any CPU
		{B80E4609-53E2-4F05-81E6-85F3CDE6FBF5}.Debug|Any CPU.Build.0 = Debug|Any CPU
		{B80E4609-53E2-4F05-81E6-85F3CDE6FBF5}.Release|Any CPU.ActiveCfg = Release|Any CPU
		{B80E4609-53E2-4F05-81E6-85F3CDE6FBF5}.Release|Any CPU.Build.0 = Release|Any CPU
	EndGlobalSection
	GlobalSection(SolutionProperties) = preSolution
		HideSolutionNode = FALSE
	EndGlobalSection
	GlobalSection(ExtensibilityGlobals) = postSolution
		SolutionGuid = {074AF2FB-66AC-4113-AEDC-B0C2E3E8FCB9}
	EndGlobalSection
EndGlobal
