
Microsoft Visual Studio Solution File, Format Version 12.00
# Visual Studio Version 17
VisualStudioVersion = 17.14.36429.23 d17.14
MinimumVisualStudioVersion = 10.0.40219.1
Project("{FAE04EC0-301F-11D3-BF4B-00C04F79EFBC}") = "Tyuiu.RochevYA.Sprint5.Task0.V10", "Tyuiu.RochevYA.Sprint5.Task0.V10\Tyuiu.RochevYA.Sprint5.Task0.V10.csproj", "{2C4017AC-AA10-449D-A9D6-5AF7A04C0C8F}"
EndProject
Project("{FAE04EC0-301F-11D3-BF4B-00C04F79EFBC}") = "Tyuiu.RochevYA.Sprint5.Task0.V10.Lib", "Tyuiu.RochevYA.Sprint5.Task0.V10.Lib\Tyuiu.RochevYA.Sprint5.Task0.V10.Lib.csproj", "{3D7631D0-DA21-4742-A8E1-585321BAAFA2}"
EndProject
Project("{FAE04EC0-301F-11D3-BF4B-00C04F79EFBC}") = "Tyuiu.RochevYA.Sprint5.Task0.V10.Test", "Tyuiu.RochevYA.Sprint5.Task0.V10.Test\Tyuiu.RochevYA.Sprint5.Task0.V10.Test.csproj", "{BECEA3F0-6B14-46F3-B646-AF33411F95F6}"
EndProject
Global
	GlobalSection(SolutionConfigurationPlatforms) = preSolution
		Debug|Any CPU = Debug|Any CPU
		Release|Any CPU = Release|Any CPU
	EndGlobalSection
	GlobalSection(ProjectConfigurationPlatforms) = postSolution
		{2C4017AC-AA10-449D-A9D6-5AF7A04C0C8F}.Debug|Any CPU.ActiveCfg = Debug|Any CPU
		{2C4017AC-AA10-449D-A9D6-5AF7A04C0C8F}.Debug|Any CPU.Build.0 = Debug|Any CPU
		{2C4017AC-AA10-449D-A9D6-5AF7A04C0C8F}.Release|Any CPU.ActiveCfg = Release|Any CPU
		{2C4017AC-AA10-449D-A9D6-5AF7A04C0C8F}.Release|Any CPU.Build.0 = Release|Any CPU
		{3D7631D0-DA21-4742-A8E1-585321BAAFA2}.Debug|Any CPU.ActiveCfg = Debug|Any CPU
		{3D7631D0-DA21-4742-A8E1-585321BAAFA2}.Debug|Any CPU.Build.0 = Debug|Any CPU
		{3D7631D0-DA21-4742-A8E1-585321BAAFA2}.Release|Any CPU.ActiveCfg = Release|Any CPU
		{3D7631D0-DA21-4742-A8E1-585321BAAFA2}.Release|Any CPU.Build.0 = Release|Any CPU
		{BECEA3F0-6B14-46F3-B646-AF33411F95F6}.Debug|Any CPU.ActiveCfg = Debug|Any CPU
		{BECEA3F0-6B14-46F3-B646-AF33411F95F6}.Debug|Any CPU.Build.0 = Debug|Any CPU
		{BECEA3F0-6B14-46F3-B646-AF33411F95F6}.Release|Any CPU.ActiveCfg = Release|Any CPU
		{BECEA3F0-6B14-46F3-B646-AF33411F95F6}.Release|Any CPU.Build.0 = Release|Any CPU
	EndGlobalSection
	GlobalSection(SolutionProperties) = preSolution
		HideSolutionNode = FALSE
	EndGlobalSection
	GlobalSection(ExtensibilityGlobals) = postSolution
		SolutionGuid = {074AF2FB-66AC-4113-AEDC-B0C2E3E8FCB9}
	EndGlobalSection
EndGlobal
